
Microsoft Visual Studio Solution File, Format Version 12.00
# Visual Studio Version 17
VisualStudioVersion = 17.7.34031.279
MinimumVisualStudioVersion = 10.0.40219.1
Project("{9A19103F-16F7-4668-BE54-9A1E7A4F7556}") = "PaperlessRestServer", "PaperlessRestServer.csproj", "{ABD14863-8C7D-45A8-BB81-0F9A566C31FD}"
EndProject
Global
	GlobalSection(SolutionConfigurationPlatforms) = preSolution
		Debug|Any CPU = Debug|Any CPU
		Release|Any CPU = Release|Any CPU
	EndGlobalSection
	GlobalSection(ProjectConfigurationPlatforms) = postSolution
		{ABD14863-8C7D-45A8-BB81-0F9A566C31FD}.Debug|Any CPU.ActiveCfg = Debug|Any CPU
		{ABD14863-8C7D-45A8-BB81-0F9A566C31FD}.Debug|Any CPU.Build.0 = Debug|Any CPU
		{ABD14863-8C7D-45A8-BB81-0F9A566C31FD}.Release|Any CPU.ActiveCfg = Release|Any CPU
		{ABD14863-8C7D-45A8-BB81-0F9A566C31FD}.Release|Any CPU.Build.0 = Release|Any CPU
	EndGlobalSection
	GlobalSection(SolutionProperties) = preSolution
		HideSolutionNode = FALSE
	EndGlobalSection
	GlobalSection(ExtensibilityGlobals) = postSolution
		SolutionGuid = {321D5289-EBFA-4BD0-86B2-5A8AF7BC2327}
	EndGlobalSection
EndGlobal
